Microsoft Visual Studio Solution File, Format Version 8.00
Project("{8BC9CEB8-8B4A-11D0-8D11-00A0C91BC942}") = "BasicHLSL10", "BasicHLSL10_2003.vcproj", "{D3D10100-96D0-4629-88B8-122C0256058C}"
	ProjectSection(ProjectDependencies) = postProject
	EndProjectSection
EndProject
Global
	GlobalSection(SolutionConfiguration) = preSolution
		Debug = Debug
		Profile = Profile
		Release = Release
	EndGlobalSection
	GlobalSection(ProjectConfiguration) = postSolution
		{D3D10100-96D0-4629-88B8-122C0256058C}.Debug.ActiveCfg = Debug|Win32
		{D3D10100-96D0-4629-88B8-122C0256058C}.Debug.Build.0 = Debug|Win32
		{D3D10100-96D0-4629-88B8-122C0256058C}.Profile.ActiveCfg = Profile|Win32
		{D3D10100-96D0-4629-88B8-122C0256058C}.Profile.Build.0 = Profile|Win32
		{D3D10100-96D0-4629-88B8-122C0256058C}.Release.ActiveCfg = Release|Win32
		{D3D10100-96D0-4629-88B8-122C0256058C}.Release.Build.0 = Release|Win32
	EndGlobalSection
	GlobalSection(ExtensibilityGlobals) = postSolution
	EndGlobalSection
	GlobalSection(ExtensibilityAddIns) = postSolution
	EndGlobalSection
EndGlobal
