
Microsoft Visual Studio Solution File, Format Version 12.00
# Visual Studio 2012
Project("{8BC9CEB8-8B4A-11D0-8D11-00A0C91BC942}") = "omnimapdll", "omnimapdll.vcxproj", "{12EAF859-CD75-411B-A85C-E06EDCC67726}"
EndProject
Project("{8BC9CEB8-8B4A-11D0-8D11-00A0C91BC942}") = "ClassDocs", "ClassDocs.vcxproj", "{31F711FF-938B-4CBB-823A-B8EA06683128}"
EndProject
Global
	GlobalSection(SolutionConfigurationPlatforms) = preSolution
		DebugDLL|Win32 = DebugDLL|Win32
		ReleaseDLL|Win32 = ReleaseDLL|Win32
	EndGlobalSection
	GlobalSection(ProjectConfigurationPlatforms) = postSolution
		{12EAF859-CD75-411B-A85C-E06EDCC67726}.DebugDLL|Win32.ActiveCfg = DebugDLL|Win32
		{12EAF859-CD75-411B-A85C-E06EDCC67726}.DebugDLL|Win32.Build.0 = DebugDLL|Win32
		{12EAF859-CD75-411B-A85C-E06EDCC67726}.ReleaseDLL|Win32.ActiveCfg = ReleaseDLL|Win32
		{12EAF859-CD75-411B-A85C-E06EDCC67726}.ReleaseDLL|Win32.Build.0 = ReleaseDLL|Win32
		{31F711FF-938B-4CBB-823A-B8EA06683128}.DebugDLL|Win32.ActiveCfg = Release|Win32
		{31F711FF-938B-4CBB-823A-B8EA06683128}.DebugDLL|Win32.Build.0 = Release|Win32
		{31F711FF-938B-4CBB-823A-B8EA06683128}.ReleaseDLL|Win32.ActiveCfg = Release|Win32
		{31F711FF-938B-4CBB-823A-B8EA06683128}.ReleaseDLL|Win32.Build.0 = Release|Win32
	EndGlobalSection
	GlobalSection(SolutionProperties) = preSolution
		HideSolutionNode = FALSE
	EndGlobalSection
EndGlobal
