Microsoft Visual Studio Solution File, Format Version 8.00
Project("{8BC9CEB8-8B4A-11D0-8D11-00A0C91BC942}") = "Demo_VC7", "Demo_VC7.vcproj", "{080447A8-5C50-49C5-9423-10205CEC1CD5}"
	ProjectSection(ProjectDependencies) = postProject
	EndProjectSection
EndProject
Global
	GlobalSection(SolutionConfiguration) = preSolution
		Debug = Debug
		Release = Release
	EndGlobalSection
	GlobalSection(ProjectConfiguration) = postSolution
		{080447A8-5C50-49C5-9423-10205CEC1CD5}.Debug.ActiveCfg = Debug|Win32
		{080447A8-5C50-49C5-9423-10205CEC1CD5}.Debug.Build.0 = Debug|Win32
		{080447A8-5C50-49C5-9423-10205CEC1CD5}.Release.ActiveCfg = Release|Win32
		{080447A8-5C50-49C5-9423-10205CEC1CD5}.Release.Build.0 = Release|Win32
	EndGlobalSection
	GlobalSection(ExtensibilityGlobals) = postSolution
	EndGlobalSection
	GlobalSection(ExtensibilityAddIns) = postSolution
	EndGlobalSection
EndGlobal
