Microsoft Visual Studio Solution File, Format Version 8.00
Project("{8BC9CEB8-8B4A-11D0-8D11-00A0C91BC942}") = "cLua", "cLua.vcproj", "{26EC4D0F-5B96-4466-9E3F-58563CF2222B}"
	ProjectSection(ProjectDependencies) = postProject
	EndProjectSection
EndProject
Project("{8BC9CEB8-8B4A-11D0-8D11-00A0C91BC942}") = "Test", "Test\Test.vcproj", "{4C306D89-6E00-4DAB-8E47-2F6478B8AA33}"
	ProjectSection(ProjectDependencies) = postProject
		{26EC4D0F-5B96-4466-9E3F-58563CF2222B} = {26EC4D0F-5B96-4466-9E3F-58563CF2222B}
	EndProjectSection
EndProject
Global
	GlobalSection(SolutionConfiguration) = preSolution
		Debug = Debug
		Release = Release
	EndGlobalSection
	GlobalSection(ProjectConfiguration) = postSolution
		{26EC4D0F-5B96-4466-9E3F-58563CF2222B}.Debug.ActiveCfg = Debug|Win32
		{26EC4D0F-5B96-4466-9E3F-58563CF2222B}.Debug.Build.0 = Debug|Win32
		{26EC4D0F-5B96-4466-9E3F-58563CF2222B}.Release.ActiveCfg = Release|Win32
		{26EC4D0F-5B96-4466-9E3F-58563CF2222B}.Release.Build.0 = Release|Win32
		{4C306D89-6E00-4DAB-8E47-2F6478B8AA33}.Debug.ActiveCfg = Debug|Win32
		{4C306D89-6E00-4DAB-8E47-2F6478B8AA33}.Debug.Build.0 = Debug|Win32
		{4C306D89-6E00-4DAB-8E47-2F6478B8AA33}.Release.ActiveCfg = Release|Win32
		{4C306D89-6E00-4DAB-8E47-2F6478B8AA33}.Release.Build.0 = Release|Win32
	EndGlobalSection
	GlobalSection(ExtensibilityGlobals) = postSolution
	EndGlobalSection
	GlobalSection(ExtensibilityAddIns) = postSolution
	EndGlobalSection
EndGlobal
